// !$*UTF8*$!
{
	archiveVersion = 1;
	classes = {
	};
	objectVersion = 50;
	objects = {

/* Begin PBXBuildFile section */
		F13AD39D23A4FEDB00D525DF /* ResourceNetworking.framework in Frameworks */ = {isa = PBXBuildFile; fileRef = F13AD39923A4FEC400D525DF /* ResourceNetworking.framework */; };
		F13AD3A023A5004600D525DF /* Breed.swift in Sources */ = {isa = PBXBuildFile; fileRef = F13AD39F23A5004600D525DF /* Breed.swift */; };
		F13AD3A223A5022B00D525DF /* DogResponse.swift in Sources */ = {isa = PBXBuildFile; fileRef = F13AD3A123A5022B00D525DF /* DogResponse.swift */; };
		F149A9AC239C3588000F96C8 /* AppDelegate.swift in Sources */ = {isa = PBXBuildFile; fileRef = F149A9AB239C3588000F96C8 /* AppDelegate.swift */; };
		F149A9AE239C3588000F96C8 /* SceneDelegate.swift in Sources */ = {isa = PBXBuildFile; fileRef = F149A9AD239C3588000F96C8 /* SceneDelegate.swift */; };
		F149A9B0239C3588000F96C8 /* ViewController.swift in Sources */ = {isa = PBXBuildFile; fileRef = F149A9AF239C3588000F96C8 /* ViewController.swift */; };
		F149A9B3239C3588000F96C8 /* Main.storyboard in Resources */ = {isa = PBXBuildFile; fileRef = F149A9B1239C3588000F96C8 /* Main.storyboard */; };
		F149A9B5239C358D000F96C8 /* Assets.xcassets in Resources */ = {isa = PBXBuildFile; fileRef = F149A9B4239C358D000F96C8 /* Assets.xcassets */; };
		F149A9B8239C358D000F96C8 /* LaunchScreen.storyboard in Resources */ = {isa = PBXBuildFile; fileRef = F149A9B6239C358D000F96C8 /* LaunchScreen.storyboard */; };
		F14C40DC23A5888400CF700F /* SubBreed.swift in Sources */ = {isa = PBXBuildFile; fileRef = F14C40DB23A5888400CF700F /* SubBreed.swift */; };
		F1DAA7FC23A6D51600286162 /* DogImage.swift in Sources */ = {isa = PBXBuildFile; fileRef = F1DAA7FB23A6D51600286162 /* DogImage.swift */; };
		F1F6B12D23A4F8B200282689 /* DespacitoTableViewCell.swift in Sources */ = {isa = PBXBuildFile; fileRef = F1F6B12C23A4F8B200282689 /* DespacitoTableViewCell.swift */; };
/* End PBXBuildFile section */

/* Begin PBXContainerItemProxy section */
		F13AD39823A4FEC400D525DF /* PBXContainerItemProxy */ = {
			isa = PBXContainerItemProxy;
			containerPortal = F13AD39323A4FEC400D525DF /* ResourceNetworking.xcodeproj */;
			proxyType = 2;
			remoteGlobalIDString = 844E18E9238D4B1100D6F38B;
			remoteInfo = ResourceNetworking;
		};
		F13AD39A23A4FEC400D525DF /* PBXContainerItemProxy */ = {
			isa = PBXContainerItemProxy;
			containerPortal = F13AD39323A4FEC400D525DF /* ResourceNetworking.xcodeproj */;
			proxyType = 2;
			remoteGlobalIDString = 844E18F2238D4B1100D6F38B;
			remoteInfo = ResourceNetworkingTests;
		};
/* End PBXContainerItemProxy section */

/* Begin PBXFileReference section */
		F13AD39323A4FEC400D525DF /* ResourceNetworking.xcodeproj */ = {isa = PBXFileReference; lastKnownFileType = "wrapper.pb-project"; name = ResourceNetworking.xcodeproj; path = "a-dog-guide/ResourceNetworking/ResourceNetworking.xcodeproj"; sourceTree = "<group>"; };
		F13AD39F23A5004600D525DF /* Breed.swift */ = {isa = PBXFileReference; lastKnownFileType = sourcecode.swift; path = Breed.swift; sourceTree = "<group>"; };
		F13AD3A123A5022B00D525DF /* DogResponse.swift */ = {isa = PBXFileReference; lastKnownFileType = sourcecode.swift; path = DogResponse.swift; sourceTree = "<group>"; };
		F149A9A8239C3588000F96C8 /* a-dog-guide.app */ = {isa = PBXFileReference; explicitFileType = wrapper.application; includeInIndex = 0; path = "a-dog-guide.app"; sourceTree = BUILT_PRODUCTS_DIR; };
		F149A9AB239C3588000F96C8 /* AppDelegate.swift */ = {isa = PBXFileReference; lastKnownFileType = sourcecode.swift; path = AppDelegate.swift; sourceTree = "<group>"; };
		F149A9AD239C3588000F96C8 /* SceneDelegate.swift */ = {isa = PBXFileReference; lastKnownFileType = sourcecode.swift; path = SceneDelegate.swift; sourceTree = "<group>"; };
		F149A9AF239C3588000F96C8 /* ViewController.swift */ = {isa = PBXFileReference; lastKnownFileType = sourcecode.swift; path = ViewController.swift; sourceTree = "<group>"; };
		F149A9B2239C3588000F96C8 /* Base */ = {isa = PBXFileReference; lastKnownFileType = file.storyboard; name = Base; path = Base.lproj/Main.storyboard; sourceTree = "<group>"; };
		F149A9B4239C358D000F96C8 /* Assets.xcassets */ = {isa = PBXFileReference; lastKnownFileType = folder.assetcatalog; path = Assets.xcassets; sourceTree = "<group>"; };
		F149A9B7239C358D000F96C8 /* Base */ = {isa = PBXFileReference; lastKnownFileType = file.storyboard; name = Base; path = Base.lproj/LaunchScreen.storyboard; sourceTree = "<group>"; };
		F149A9B9239C358D000F96C8 /* Info.plist */ = {isa = PBXFileReference; lastKnownFileType = text.plist.xml; path = Info.plist; sourceTree = "<group>"; };
		F14C40DB23A5888400CF700F /* SubBreed.swift */ = {isa = PBXFileReference; lastKnownFileType = sourcecode.swift; path = SubBreed.swift; sourceTree = "<group>"; };
		F1DAA7FB23A6D51600286162 /* DogImage.swift */ = {isa = PBXFileReference; lastKnownFileType = sourcecode.swift; path = DogImage.swift; sourceTree = "<group>"; };
		F1F6B12C23A4F8B200282689 /* DespacitoTableViewCell.swift */ = {isa = PBXFileReference; lastKnownFileType = sourcecode.swift; path = DespacitoTableViewCell.swift; sourceTree = "<group>"; };
/* End PBXFileReference section */

/* Begin PBXFrameworksBuildPhase section */
		F149A9A5239C3588000F96C8 /* Frameworks */ = {
			isa = PBXFrameworksBuildPhase;
			buildActionMask = 2147483647;
			files = (
				F13AD39D23A4FEDB00D525DF /* ResourceNetworking.framework in Frameworks */,
			);
			runOnlyForDeploymentPostprocessing = 0;
		};
/* End PBXFrameworksBuildPhase section */

/* Begin PBXGroup section */
		F13AD39423A4FEC400D525DF /* Products */ = {
			isa = PBXGroup;
			children = (
				F13AD39923A4FEC400D525DF /* ResourceNetworking.framework */,
				F13AD39B23A4FEC400D525DF /* ResourceNetworkingTests.xctest */,
			);
			name = Products;
			sourceTree = "<group>";
		};
		F13AD39C23A4FEDB00D525DF /* Frameworks */ = {
			isa = PBXGroup;
			children = (
			);
			name = Frameworks;
			sourceTree = "<group>";
		};
		F13AD39E23A4FFDD00D525DF /* Model */ = {
			isa = PBXGroup;
			children = (
				F13AD39F23A5004600D525DF /* Breed.swift */,
				F13AD3A123A5022B00D525DF /* DogResponse.swift */,
				F14C40DB23A5888400CF700F /* SubBreed.swift */,
				F1DAA7FB23A6D51600286162 /* DogImage.swift */,
			);
			path = Model;
			sourceTree = "<group>";
		};
		F149A99F239C3588000F96C8 = {
			isa = PBXGroup;
			children = (
				F13AD39323A4FEC400D525DF /* ResourceNetworking.xcodeproj */,
				F149A9AA239C3588000F96C8 /* a-dog-guide */,
				F149A9A9239C3588000F96C8 /* Products */,
				F13AD39C23A4FEDB00D525DF /* Frameworks */,
			);
			sourceTree = "<group>";
		};
		F149A9A9239C3588000F96C8 /* Products */ = {
			isa = PBXGroup;
			children = (
				F149A9A8239C3588000F96C8 /* a-dog-guide.app */,
			);
			name = Products;
			sourceTree = "<group>";
		};
		F149A9AA239C3588000F96C8 /* a-dog-guide */ = {
			isa = PBXGroup;
			children = (
				F13AD39E23A4FFDD00D525DF /* Model */,
				F149A9AB239C3588000F96C8 /* AppDelegate.swift */,
				F149A9AD239C3588000F96C8 /* SceneDelegate.swift */,
				F149A9AF239C3588000F96C8 /* ViewController.swift */,
				F149A9B1239C3588000F96C8 /* Main.storyboard */,
				F149A9B4239C358D000F96C8 /* Assets.xcassets */,
				F149A9B6239C358D000F96C8 /* LaunchScreen.storyboard */,
				F149A9B9239C358D000F96C8 /* Info.plist */,
				F1F6B12C23A4F8B200282689 /* DespacitoTableViewCell.swift */,
			);
			path = "a-dog-guide";
			sourceTree = "<group>";
		};
/* End PBXGroup section */

/* Begin PBXNativeTarget section */
		F149A9A7239C3588000F96C8 /* a-dog-guide */ = {
			isa = PBXNativeTarget;
			buildConfigurationList = F149A9BC239C358D000F96C8 /* Build configuration list for PBXNativeTarget "a-dog-guide" */;
			buildPhases = (
				F149A9A4239C3588000F96C8 /* Sources */,
				F149A9A5239C3588000F96C8 /* Frameworks */,
				F149A9A6239C3588000F96C8 /* Resources */,
			);
			buildRules = (
			);
			dependencies = (
			);
			name = "a-dog-guide";
			productName = "a-dog-guide";
			productReference = F149A9A8239C3588000F96C8 /* a-dog-guide.app */;
			productType = "com.apple.product-type.application";
		};
/* End PBXNativeTarget section */

/* Begin PBXProject section */
		F149A9A0239C3588000F96C8 /* Project object */ = {
			isa = PBXProject;
			attributes = {
				LastSwiftUpdateCheck = 1120;
				LastUpgradeCheck = 1120;
				ORGANIZATIONNAME = "Dmitrii Trifonov";
				TargetAttributes = {
					F149A9A7239C3588000F96C8 = {
						CreatedOnToolsVersion = 11.2.1;
					};
				};
			};
			buildConfigurationList = F149A9A3239C3588000F96C8 /* Build configuration list for PBXProject "a-dog-guide" */;
			compatibilityVersion = "Xcode 9.3";
			developmentRegion = en;
			hasScannedForEncodings = 0;
			knownRegions = (
				en,
				Base,
			);
			mainGroup = F149A99F239C3588000F96C8;
			productRefGroup = F149A9A9239C3588000F96C8 /* Products */;
			projectDirPath = "";
			projectReferences = (
				{
					ProductGroup = F13AD39423A4FEC400D525DF /* Products */;
					ProjectRef = F13AD39323A4FEC400D525DF /* ResourceNetworking.xcodeproj */;
				},
			);
			projectRoot = "";
			targets = (
				F149A9A7239C3588000F96C8 /* a-dog-guide */,
			);
		};
/* End PBXProject section */

/* Begin PBXReferenceProxy section */
		F13AD39923A4FEC400D525DF /* ResourceNetworking.framework */ = {
			isa = PBXReferenceProxy;
			fileType = wrapper.framework;
			path = ResourceNetworking.framework;
			remoteRef = F13AD39823A4FEC400D525DF /* PBXContainerItemProxy */;
			sourceTree = BUILT_PRODUCTS_DIR;
		};
		F13AD39B23A4FEC400D525DF /* ResourceNetworkingTests.xctest */ = {
			isa = PBXReferenceProxy;
			fileType = wrapper.cfbundle;
			path = ResourceNetworkingTests.xctest;
			remoteRef = F13AD39A23A4FEC400D525DF /* PBXContainerItemProxy */;
			sourceTree = BUILT_PRODUCTS_DIR;
		};
/* End PBXReferenceProxy section */

/* Begin PBXResourcesBuildPhase section */
		F149A9A6239C3588000F96C8 /* Resources */ = {
			isa = PBXResourcesBuildPhase;
			buildActionMask = 2147483647;
			files = (
				F149A9B8239C358D000F96C8 /* LaunchScreen.storyboard in Resources */,
				F149A9B5239C358D000F96C8 /* Assets.xcassets in Resources */,
				F149A9B3239C3588000F96C8 /* Main.storyboard in Resources */,
			);
			runOnlyForDeploymentPostprocessing = 0;
		};
/* End PBXResourcesBuildPhase section */

/* Begin PBXSourcesBuildPhase section */
		F149A9A4239C3588000F96C8 /* Sources */ = {
			isa = PBXSourcesBuildPhase;
			buildActionMask = 2147483647;
			files = (
				F149A9B0239C3588000F96C8 /* ViewController.swift in Sources */,
				F14C40DC23A5888400CF700F /* SubBreed.swift in Sources */,
				F13AD3A223A5022B00D525DF /* DogResponse.swift in Sources */,
				F149A9AC239C3588000F96C8 /* AppDelegate.swift in Sources */,
				F1F6B12D23A4F8B200282689 /* DespacitoTableViewCell.swift in Sources */,
				F13AD3A023A5004600D525DF /* Breed.swift in Sources */,
				F1DAA7FC23A6D51600286162 /* DogImage.swift in Sources */,
				F149A9AE239C3588000F96C8 /* SceneDelegate.swift in Sources */,
			);
			runOnlyForDeploymentPostprocessing = 0;
		};
/* End PBXSourcesBuildPhase section */

/* Begin PBXVariantGroup section */
		F149A9B1239C3588000F96C8 /* Main.storyboard */ = {
			isa = PBXVariantGroup;
			children = (
				F149A9B2239C3588000F96C8 /* Base */,
			);
			name = Main.storyboard;
			sourceTree = "<group>";
		};
		F149A9B6239C358D000F96C8 /* LaunchScreen.storyboard */ = {
			isa = PBXVariantGroup;
			children = (
				F149A9B7239C358D000F96C8 /* Base */,
			);
			name = LaunchScreen.storyboard;
			sourceTree = "<group>";
		};
/* End PBXVariantGroup section */

/* Begin XCBuildConfiguration section */
		F149A9BA239C358D000F96C8 /* Debug */ = {
			isa = XCBuildConfiguration;
			buildSettings = {
				ALWAYS_SEARCH_USER_PATHS = NO;
				CLANG_ANALYZER_NONNULL = YES;
				CLANG_ANALYZER_NUMBER_OBJECT_CONVERSION = YES_AGGRESSIVE;
				CLANG_CXX_LANGUAGE_STANDARD = "gnu++14";
				CLANG_CXX_LIBRARY = "libc++";
				CLANG_ENABLE_MODULES = YES;
				CLANG_ENABLE_OBJC_ARC = YES;
				CLANG_ENABLE_OBJC_WEAK = YES;
				CLANG_WARN_BLOCK_CAPTURE_AUTORELEASING = YES;
				CLANG_WARN_BOOL_CONVERSION = YES;
				CLANG_WARN_COMMA = YES;
				CLANG_WARN_CONSTANT_CONVERSION = YES;
				CLANG_WARN_DEPRECATED_OBJC_IMPLEMENTATIONS = YES;
				CLANG_WARN_DIRECT_OBJC_ISA_USAGE = YES_ERROR;
				CLANG_WARN_DOCUMENTATION_COMMENTS = YES;
				CLANG_WARN_EMPTY_BODY = YES;
				CLANG_WARN_ENUM_CONVERSION = YES;
				CLANG_WARN_INFINITE_RECURSION = YES;
				CLANG_WARN_INT_CONVERSION = YES;
				CLANG_WARN_NON_LITERAL_NULL_CONVERSION = YES;
				CLANG_WARN_OBJC_IMPLICIT_RETAIN_SELF = YES;
				CLANG_WARN_OBJC_LITERAL_CONVERSION = YES;
				CLANG_WARN_OBJC_ROOT_CLASS = YES_ERROR;
				CLANG_WARN_RANGE_LOOP_ANALYSIS = YES;
				CLANG_WARN_STRICT_PROTOTYPES = YES;
				CLANG_WARN_SUSPICIOUS_MOVE = YES;
				CLANG_WARN_UNGUARDED_AVAILABILITY = YES_AGGRESSIVE;
				CLANG_WARN_UNREACHABLE_CODE = YES;
				CLANG_WARN__DUPLICATE_METHOD_MATCH = YES;
				COPY_PHASE_STRIP = NO;
				DEBUG_INFORMATION_FORMAT = dwarf;
				ENABLE_STRICT_OBJC_MSGSEND = YES;
				ENABLE_TESTABILITY = YES;
				GCC_C_LANGUAGE_STANDARD = gnu11;
				GCC_DYNAMIC_NO_PIC = NO;
				GCC_NO_COMMON_BLOCKS = YES;
				GCC_OPTIMIZATION_LEVEL = 0;
				GCC_PREPROCESSOR_DEFINITIONS = (
					"DEBUG=1",
					"$(inherited)",
				);
				GCC_WARN_64_TO_32_BIT_CONVERSION = YES;
				GCC_WARN_ABOUT_RETURN_TYPE = YES_ERROR;
				GCC_WARN_UNDECLARED_SELECTOR = YES;
				GCC_WARN_UNINITIALIZED_AUTOS = YES_AGGRESSIVE;
				GCC_WARN_UNUSED_FUNCTION = YES;
				GCC_WARN_UNUSED_VARIABLE = YES;
				IPHONEOS_DEPLOYMENT_TARGET = 13.2;
				MTL_ENABLE_DEBUG_INFO = INCLUDE_SOURCE;
				MTL_FAST_MATH = YES;
				ONLY_ACTIVE_ARCH = YES;
				SDKROOT = iphoneos;
				SWIFT_ACTIVE_COMPILATION_CONDITIONS = DEBUG;
				SWIFT_OPTIMIZATION_LEVEL = "-Onone";
			};
			name = Debug;
		};
		F149A9BB239C358D000F96C8 /* Release */ = {
			isa = XCBuildConfiguration;
			buildSettings = {
				ALWAYS_SEARCH_USER_PATHS = NO;
				CLANG_ANALYZER_NONNULL = YES;
				CLANG_ANALYZER_NUMBER_OBJECT_CONVERSION = YES_AGGRESSIVE;
				CLANG_CXX_LANGUAGE_STANDARD = "gnu++14";
				CLANG_CXX_LIBRARY = "libc++";
				CLANG_ENABLE_MODULES = YES;
				CLANG_ENABLE_OBJC_ARC = YES;
				CLANG_ENABLE_OBJC_WEAK = YES;
				CLANG_WARN_BLOCK_CAPTURE_AUTORELEASING = YES;
				CLANG_WARN_BOOL_CONVERSION = YES;
				CLANG_WARN_COMMA = YES;
				CLANG_WARN_CONSTANT_CONVERSION = YES;
				CLANG_WARN_DEPRECATED_OBJC_IMPLEMENTATIONS = YES;
				CLANG_WARN_DIRECT_OBJC_ISA_USAGE = YES_ERROR;
				CLANG_WARN_DOCUMENTATION_COMMENTS = YES;
				CLANG_WARN_EMPTY_BODY = YES;
				CLANG_WARN_ENUM_CONVERSION = YES;
				CLANG_WARN_INFINITE_RECURSION = YES;
				CLANG_WARN_INT_CONVERSION = YES;
				CLANG_WARN_NON_LITERAL_NULL_CONVERSION = YES;
				CLANG_WARN_OBJC_IMPLICIT_RETAIN_SELF = YES;
				CLANG_WARN_OBJC_LITERAL_CONVERSION = YES;
				CLANG_WARN_OBJC_ROOT_CLASS = YES_ERROR;
				CLANG_WARN_RANGE_LOOP_ANALYSIS = YES;
				CLANG_WARN_STRICT_PROTOTYPES = YES;
				CLANG_WARN_SUSPICIOUS_MOVE = YES;
				CLANG_WARN_UNGUARDED_AVAILABILITY = YES_AGGRESSIVE;
				CLANG_WARN_UNREACHABLE_CODE = YES;
				CLANG_WARN__DUPLICATE_METHOD_MATCH = YES;
				COPY_PHASE_STRIP = NO;
				DEBUG_INFORMATION_FORMAT = "dwarf-with-dsym";
				ENABLE_NS_ASSERTIONS = NO;
				ENABLE_STRICT_OBJC_MSGSEND = YES;
				GCC_C_LANGUAGE_STANDARD = gnu11;
				GCC_NO_COMMON_BLOCKS = YES;
				GCC_WARN_64_TO_32_BIT_CONVERSION = YES;
				GCC_WARN_ABOUT_RETURN_TYPE = YES_ERROR;
				GCC_WARN_UNDECLARED_SELECTOR = YES;
				GCC_WARN_UNINITIALIZED_AUTOS = YES_AGGRESSIVE;
				GCC_WARN_UNUSED_FUNCTION = YES;
				GCC_WARN_UNUSED_VARIABLE = YES;
				IPHONEOS_DEPLOYMENT_TARGET = 13.2;
				MTL_ENABLE_DEBUG_INFO = NO;
				MTL_FAST_MATH = YES;
				SDKROOT = iphoneos;
				SWIFT_COMPILATION_MODE = wholemodule;
				SWIFT_OPTIMIZATION_LEVEL = "-O";
				VALIDATE_PRODUCT = YES;
			};
			name = Release;
		};
		F149A9BD239C358D000F96C8 /* Debug */ = {
			isa = XCBuildConfiguration;
			buildSettings = {
				ASSETCATALOG_COMPILER_APPICON_NAME = AppIcon;
				CODE_SIGN_STYLE = Automatic;
				DEVELOPMENT_TEAM = 3N3SUWK76F;
				INFOPLIST_FILE = "a-dog-guide/Info.plist";
				IPHONEOS_DEPLOYMENT_TARGET = 11.0;
				LD_RUNPATH_SEARCH_PATHS = (
					"$(inherited)",
					"@executable_path/Frameworks",
				);
				PRODUCT_BUNDLE_IDENTIFIER = "com.mitya1234.a-dog-guide";
				PRODUCT_NAME = "$(TARGET_NAME)";
				SWIFT_VERSION = 5.0;
				TARGETED_DEVICE_FAMILY = "1,2";
			};
			name = Debug;
		};
		F149A9BE239C358D000F96C8 /* Release */ = {
			isa = XCBuildConfiguration;
			buildSettings = {
				ASSETCATALOG_COMPILER_APPICON_NAME = AppIcon;
				CODE_SIGN_STYLE = Automatic;
				DEVELOPMENT_TEAM = 3N3SUWK76F;
				INFOPLIST_FILE = "a-dog-guide/Info.plist";
				IPHONEOS_DEPLOYMENT_TARGET = 11.0;
				LD_RUNPATH_SEARCH_PATHS = (
					"$(inherited)",
					"@executable_path/Frameworks",
				);
				PRODUCT_BUNDLE_IDENTIFIER = "com.mitya1234.a-dog-guide";
				PRODUCT_NAME = "$(TARGET_NAME)";
				SWIFT_VERSION = 5.0;
				TARGETED_DEVICE_FAMILY = "1,2";
			};
			name = Release;
		};
/* End XCBuildConfiguration section */

/* Begin XCConfigurationList section */
		F149A9A3239C3588000F96C8 /* Build configuration list for PBXProject "a-dog-guide" */ = {
			isa = XCConfigurationList;
			buildConfigurations = (
				F149A9BA239C358D000F96C8 /* Debug */,
				F149A9BB239C358D000F96C8 /* Release */,
			);
			defaultConfigurationIsVisible = 0;
			defaultConfigurationName = Release;
		};
		F149A9BC239C358D000F96C8 /* Build configuration list for PBXNativeTarget "a-dog-guide" */ = {
			isa = XCConfigurationList;
			buildConfigurations = (
				F149A9BD239C358D000F96C8 /* Debug */,
				F149A9BE239C358D000F96C8 /* Release */,
			);
			defaultConfigurationIsVisible = 0;
			defaultConfigurationName = Release;
		};
/* End XCConfigurationList section */
	};
	rootObject = F149A9A0239C3588000F96C8 /* Project object */;
}
